
Microsoft Visual Studio Solution File, Format Version 12.00
# Visual Studio Version 17
VisualStudioVersion = 17.7.34031.279
MinimumVisualStudioVersion = 10.0.40219.1
Project("{9A19103F-16F7-4668-BE54-9A1E7A4F7556}") = "EtTilTi.Function", "api\EtTilTi.Function.csproj", "{6412BFF7-4BAE-44F6-8B71-03EEF0DD6577}"
EndProject
Project("{9A19103F-16F7-4668-BE54-9A1E7A4F7556}") = "EtTilTi", "frontend\EtTilTi.csproj", "{926BBC21-9A66-4F75-8276-68979C533D79}"
EndProject
Project("{9A19103F-16F7-4668-BE54-9A1E7A4F7556}") = "EtTilTi.Shared", "shared\EtTilTi.Shared.csproj", "{B30D5512-EA83-47C5-A0E1-2CAC0F295A14}"
EndProject
Global
	GlobalSection(SolutionConfigurationPlatforms) = preSolution
		Debug|Any CPU = Debug|Any CPU
		Release|Any CPU = Release|Any CPU
	EndGlobalSection
	GlobalSection(ProjectConfigurationPlatforms) = postSolution
		{6412BFF7-4BAE-44F6-8B71-03EEF0DD6577}.Debug|Any CPU.ActiveCfg = Debug|Any CPU
		{6412BFF7-4BAE-44F6-8B71-03EEF0DD6577}.Debug|Any CPU.Build.0 = Debug|Any CPU
		{6412BFF7-4BAE-44F6-8B71-03EEF0DD6577}.Release|Any CPU.ActiveCfg = Release|Any CPU
		{6412BFF7-4BAE-44F6-8B71-03EEF0DD6577}.Release|Any CPU.Build.0 = Release|Any CPU
		{926BBC21-9A66-4F75-8276-68979C533D79}.Debug|Any CPU.ActiveCfg = Debug|Any CPU
		{926BBC21-9A66-4F75-8276-68979C533D79}.Debug|Any CPU.Build.0 = Debug|Any CPU
		{926BBC21-9A66-4F75-8276-68979C533D79}.Release|Any CPU.ActiveCfg = Release|Any CPU
		{926BBC21-9A66-4F75-8276-68979C533D79}.Release|Any CPU.Build.0 = Release|Any CPU
		{B30D5512-EA83-47C5-A0E1-2CAC0F295A14}.Debug|Any CPU.ActiveCfg = Debug|Any CPU
		{B30D5512-EA83-47C5-A0E1-2CAC0F295A14}.Debug|Any CPU.Build.0 = Debug|Any CPU
		{B30D5512-EA83-47C5-A0E1-2CAC0F295A14}.Release|Any CPU.ActiveCfg = Release|Any CPU
		{B30D5512-EA83-47C5-A0E1-2CAC0F295A14}.Release|Any CPU.Build.0 = Release|Any CPU
	EndGlobalSection
	GlobalSection(SolutionProperties) = preSolution
		HideSolutionNode = FALSE
	EndGlobalSection
	GlobalSection(ExtensibilityGlobals) = postSolution
		SolutionGuid = {3D451F26-5CEC-4A17-A6BD-5EE691235BEE}
	EndGlobalSection
EndGlobal
